{
  "name": "Stars",
  "lockfileVersion": 3,
  "requires": true,
  "packages": {
    "": {
      "dependencies": {
        "country-flag-icons": "1.6.15",
        "libphonenumber-js": "1.12.33"
      }
    },
    "node_modules/country-flag-icons": {
      "version": "1.6.15",
      "resolved": "https://registry.npmjs.org/country-flag-icons/-/country-flag-icons-1.6.15.tgz",
      "integrity": "sha512-92HoA8l6DluEidku8tKBftjuFRj4Rv3zDW1lXxCuNnqAxhUSkvso9gM/Afj4F5BnK+wneHIe3ydI+s+4NA29/Q==",
      "license": "MIT"
    },
    "node_modules/libphonenumber-js": {
      "version": "1.12.33",
      "resolved": "https://registry.npmjs.org/libphonenumber-js/-/libphonenumber-js-1.12.33.tgz",
      "integrity": "sha512-r9kw4OA6oDO4dPXkOrXTkArQAafIKAU71hChInV4FxZ69dxCfbwQGDPzqR5/vea94wU705/3AZroEbSoeVWrQw==",
      "license": "MIT"
    }
  }
}
